
Microsoft Visual Studio Solution File, Format Version 12.00
# Visual Studio Version 17
VisualStudioVersion = 17.4.33213.308
MinimumVisualStudioVersion = 10.0.40219.1
Project("{FAE04EC0-301F-11D3-BF4B-00C04F79EFBC}") = "MvcJenkinsDemo", "MvcJenkinsDemo.csproj", "{45482C32-5E7A-466E-8AD8-AD7757CDE6F7}"
EndProject
Global
	GlobalSection(SolutionConfigurationPlatforms) = preSolution
		Debug|Any CPU = Debug|Any CPU
		Release|Any CPU = Release|Any CPU
	EndGlobalSection
	GlobalSection(ProjectConfigurationPlatforms) = postSolution
		{45482C32-5E7A-466E-8AD8-AD7757CDE6F7}.Debug|Any CPU.ActiveCfg = Debug|Any CPU
		{45482C32-5E7A-466E-8AD8-AD7757CDE6F7}.Debug|Any CPU.Build.0 = Debug|Any CPU
		{45482C32-5E7A-466E-8AD8-AD7757CDE6F7}.Release|Any CPU.ActiveCfg = Release|Any CPU
		{45482C32-5E7A-466E-8AD8-AD7757CDE6F7}.Release|Any CPU.Build.0 = Release|Any CPU
	EndGlobalSection
	GlobalSection(SolutionProperties) = preSolution
		HideSolutionNode = FALSE
	EndGlobalSection
	GlobalSection(ExtensibilityGlobals) = postSolution
		SolutionGuid = {B28A5A93-CEB1-46D7-A3DB-AF9533453500}
	EndGlobalSection
EndGlobal
